// !$*UTF8*$!
{
	archiveVersion = 1;
	classes = {
	};
	objectVersion = 46;
	objects = {

/* Begin PBXBuildFile section */
		3E4D0C701D95F28300A42E8F /* main.m in Sources */ = {isa = PBXBuildFile; fileRef = 3E4D0C6F1D95F28300A42E8F /* main.m */; };
		3E4D0C731D95F28300A42E8F /* AppDelegate.m in Sources */ = {isa = PBXBuildFile; fileRef = 3E4D0C721D95F28300A42E8F /* AppDelegate.m */; };
		3E4D0C761D95F28300A42E8F /* ViewController.m in Sources */ = {isa = PBXBuildFile; fileRef = 3E4D0C751D95F28300A42E8F /* ViewController.m */; };
		3E4D0C791D95F28300A42E8F /* Main.storyboard in Resources */ = {isa = PBXBuildFile; fileRef = 3E4D0C771D95F28300A42E8F /* Main.storyboard */; };
		3E4D0C7B1D95F28300A42E8F /* Assets.xcassets in Resources */ = {isa = PBXBuildFile; fileRef = 3E4D0C7A1D95F28300A42E8F /* Assets.xcassets */; };
		3E4D0C7E1D95F28300A42E8F /* LaunchScreen.storyboard in Resources */ = {isa = PBXBuildFile; fileRef = 3E4D0C7C1D95F28300A42E8F /* LaunchScreen.storyboard */; };
		3E4D0C891D95F28300A42E8F /* BlurTestTests.m in Sources */ = {isa = PBXBuildFile; fileRef = 3E4D0C881D95F28300A42E8F /* BlurTestTests.m */; };
		3E4D0C941D95F28300A42E8F /* BlurTestUITests.m in Sources */ = {isa = PBXBuildFile; fileRef = 3E4D0C931D95F28300A42E8F /* BlurTestUITests.m */; };
		3E4D0CA41D95F4C500A42E8F /* ColorCollectionViewCell.m in Sources */ = {isa = PBXBuildFile; fileRef = 3E4D0CA21D95F4C500A42E8F /* ColorCollectionViewCell.m */; };
		3E4D0CA51D95F4C500A42E8F /* ColorCollectionViewCell.xib in Resources */ = {isa = PBXBuildFile; fileRef = 3E4D0CA31D95F4C500A42E8F /* ColorCollectionViewCell.xib */; };
		3E4D0CA81D95F75000A42E8F /* BlurViewController.m in Sources */ = {isa = PBXBuildFile; fileRef = 3E4D0CA71D95F75000A42E8F /* BlurViewController.m */; };
		3E92194A1D9ADA120019F471 /* PresentationAnimator.m in Sources */ = {isa = PBXBuildFile; fileRef = 3E9219491D9ADA120019F471 /* PresentationAnimator.m */; };
		3E92194D1D9ADA240019F471 /* DismissAnimator.m in Sources */ = {isa = PBXBuildFile; fileRef = 3E92194C1D9ADA240019F471 /* DismissAnimator.m */; };
		3E92194F1D9AE1370019F471 /* .gitignore in Resources */ = {isa = PBXBuildFile; fileRef = 3E92194E1D9AE1370019F471 /* .gitignore */; };
/* End PBXBuildFile section */

/* Begin PBXContainerItemProxy section */
		3E4D0C851D95F28300A42E8F /* PBXContainerItemProxy */ = {
			isa = PBXContainerItemProxy;
			containerPortal = 3E4D0C631D95F28300A42E8F /* Project object */;
			proxyType = 1;
			remoteGlobalIDString = 3E4D0C6A1D95F28300A42E8F;
			remoteInfo = BlurTest;
		};
		3E4D0C901D95F28300A42E8F /* PBXContainerItemProxy */ = {
			isa = PBXContainerItemProxy;
			containerPortal = 3E4D0C631D95F28300A42E8F /* Project object */;
			proxyType = 1;
			remoteGlobalIDString = 3E4D0C6A1D95F28300A42E8F;
			remoteInfo = BlurTest;
		};
/* End PBXContainerItemProxy section */

/* Begin PBXFileReference section */
		3E4D0C6B1D95F28300A42E8F /* BlurTest.app */ = {isa = PBXFileReference; explicitFileType = wrapper.application; includeInIndex = 0; path = BlurTest.app; sourceTree = BUILT_PRODUCTS_DIR; };
		3E4D0C6F1D95F28300A42E8F /* main.m */ = {isa = PBXFileReference; lastKnownFileType = sourcecode.c.objc; path = main.m; sourceTree = "<group>"; };
		3E4D0C711D95F28300A42E8F /* AppDelegate.h */ = {isa = PBXFileReference; lastKnownFileType = sourcecode.c.h; path = AppDelegate.h; sourceTree = "<group>"; };
		3E4D0C721D95F28300A42E8F /* AppDelegate.m */ = {isa = PBXFileReference; lastKnownFileType = sourcecode.c.objc; path = AppDelegate.m; sourceTree = "<group>"; };
		3E4D0C741D95F28300A42E8F /* ViewController.h */ = {isa = PBXFileReference; lastKnownFileType = sourcecode.c.h; path = ViewController.h; sourceTree = "<group>"; };
		3E4D0C751D95F28300A42E8F /* ViewController.m */ = {isa = PBXFileReference; lastKnownFileType = sourcecode.c.objc; path = ViewController.m; sourceTree = "<group>"; };
		3E4D0C781D95F28300A42E8F /* Base */ = {isa = PBXFileReference; lastKnownFileType = file.storyboard; name = Base; path = Base.lproj/Main.storyboard; sourceTree = "<group>"; };
		3E4D0C7A1D95F28300A42E8F /* Assets.xcassets */ = {isa = PBXFileReference; lastKnownFileType = folder.assetcatalog; path = Assets.xcassets; sourceTree = "<group>"; };
		3E4D0C7D1D95F28300A42E8F /* Base */ = {isa = PBXFileReference; lastKnownFileType = file.storyboard; name = Base; path = Base.lproj/LaunchScreen.storyboard; sourceTree = "<group>"; };
		3E4D0C7F1D95F28300A42E8F /* Info.plist */ = {isa = PBXFileReference; lastKnownFileType = text.plist.xml; path = Info.plist; sourceTree = "<group>"; };
		3E4D0C841D95F28300A42E8F /* BlurTestTests.xctest */ = {isa = PBXFileReference; explicitFileType = wrapper.cfbundle; includeInIndex = 0; path = BlurTestTests.xctest; sourceTree = BUILT_PRODUCTS_DIR; };
		3E4D0C881D95F28300A42E8F /* BlurTestTests.m */ = {isa = PBXFileReference; lastKnownFileType = sourcecode.c.objc; path = BlurTestTests.m; sourceTree = "<group>"; };
		3E4D0C8A1D95F28300A42E8F /* Info.plist */ = {isa = PBXFileReference; lastKnownFileType = text.plist.xml; path = Info.plist; sourceTree = "<group>"; };
		3E4D0C8F1D95F28300A42E8F /* BlurTestUITests.xctest */ = {isa = PBXFileReference; explicitFileType = wrapper.cfbundle; includeInIndex = 0; path = BlurTestUITests.xctest; sourceTree = BUILT_PRODUCTS_DIR; };
		3E4D0C931D95F28300A42E8F /* BlurTestUITests.m */ = {isa = PBXFileReference; lastKnownFileType = sourcecode.c.objc; path = BlurTestUITests.m; sourceTree = "<group>"; };
		3E4D0C951D95F28300A42E8F /* Info.plist */ = {isa = PBXFileReference; lastKnownFileType = text.plist.xml; path = Info.plist; sourceTree = "<group>"; };
		3E4D0CA11D95F4C500A42E8F /* ColorCollectionViewCell.h */ = {isa = PBXFileReference; fileEncoding = 4; lastKnownFileType = sourcecode.c.h; path = ColorCollectionViewCell.h; sourceTree = "<group>"; };
		3E4D0CA21D95F4C500A42E8F /* ColorCollectionViewCell.m */ = {isa = PBXFileReference; fileEncoding = 4; lastKnownFileType = sourcecode.c.objc; path = ColorCollectionViewCell.m; sourceTree = "<group>"; };
		3E4D0CA31D95F4C500A42E8F /* ColorCollectionViewCell.xib */ = {isa = PBXFileReference; fileEncoding = 4; lastKnownFileType = file.xib; path = ColorCollectionViewCell.xib; sourceTree = "<group>"; };
		3E4D0CA61D95F75000A42E8F /* BlurViewController.h */ = {isa = PBXFileReference; fileEncoding = 4; lastKnownFileType = sourcecode.c.h; path = BlurViewController.h; sourceTree = "<group>"; };
		3E4D0CA71D95F75000A42E8F /* BlurViewController.m */ = {isa = PBXFileReference; fileEncoding = 4; lastKnownFileType = sourcecode.c.objc; path = BlurViewController.m; sourceTree = "<group>"; };
		3E9219481D9ADA120019F471 /* PresentationAnimator.h */ = {isa = PBXFileReference; fileEncoding = 4; lastKnownFileType = sourcecode.c.h; name = PresentationAnimator.h; path = Transitions/PresentationAnimator.h; sourceTree = "<group>"; };
		3E9219491D9ADA120019F471 /* PresentationAnimator.m */ = {isa = PBXFileReference; fileEncoding = 4; lastKnownFileType = sourcecode.c.objc; name = PresentationAnimator.m; path = Transitions/PresentationAnimator.m; sourceTree = "<group>"; };
		3E92194B1D9ADA240019F471 /* DismissAnimator.h */ = {isa = PBXFileReference; fileEncoding = 4; lastKnownFileType = sourcecode.c.h; name = DismissAnimator.h; path = Transitions/DismissAnimator.h; sourceTree = "<group>"; };
		3E92194C1D9ADA240019F471 /* DismissAnimator.m */ = {isa = PBXFileReference; fileEncoding = 4; lastKnownFileType = sourcecode.c.objc; name = DismissAnimator.m; path = Transitions/DismissAnimator.m; sourceTree = "<group>"; };
		3E92194E1D9AE1370019F471 /* .gitignore */ = {isa = PBXFileReference; fileEncoding = 4; lastKnownFileType = text; path = .gitignore; sourceTree = "<group>"; };
/* End PBXFileReference section */

/* Begin PBXFrameworksBuildPhase section */
		3E4D0C681D95F28300A42E8F /* Frameworks */ = {
			isa = PBXFrameworksBuildPhase;
			buildActionMask = 2147483647;
			files = (
			);
			runOnlyForDeploymentPostprocessing = 0;
		};
		3E4D0C811D95F28300A42E8F /* Frameworks */ = {
			isa = PBXFrameworksBuildPhase;
			buildActionMask = 2147483647;
			files = (
			);
			runOnlyForDeploymentPostprocessing = 0;
		};
		3E4D0C8C1D95F28300A42E8F /* Frameworks */ = {
			isa = PBXFrameworksBuildPhase;
			buildActionMask = 2147483647;
			files = (
			);
			runOnlyForDeploymentPostprocessing = 0;
		};
/* End PBXFrameworksBuildPhase section */

/* Begin PBXGroup section */
		3E4D0C621D95F28300A42E8F = {
			isa = PBXGroup;
			children = (
				3E92194E1D9AE1370019F471 /* .gitignore */,
				3E4D0C6D1D95F28300A42E8F /* BlurTest */,
				3E4D0C871D95F28300A42E8F /* BlurTestTests */,
				3E4D0C921D95F28300A42E8F /* BlurTestUITests */,
				3E4D0C6C1D95F28300A42E8F /* Products */,
			);
			sourceTree = "<group>";
		};
		3E4D0C6C1D95F28300A42E8F /* Products */ = {
			isa = PBXGroup;
			children = (
				3E4D0C6B1D95F28300A42E8F /* BlurTest.app */,
				3E4D0C841D95F28300A42E8F /* BlurTestTests.xctest */,
				3E4D0C8F1D95F28300A42E8F /* BlurTestUITests.xctest */,
			);
			name = Products;
			sourceTree = "<group>";
		};
		3E4D0C6D1D95F28300A42E8F /* BlurTest */ = {
			isa = PBXGroup;
			children = (
				3E9219471D9AD9C70019F471 /* Transitions */,
				3E4D0C711D95F28300A42E8F /* AppDelegate.h */,
				3E4D0C721D95F28300A42E8F /* AppDelegate.m */,
				3E4D0C741D95F28300A42E8F /* ViewController.h */,
				3E4D0C751D95F28300A42E8F /* ViewController.m */,
				3E4D0C771D95F28300A42E8F /* Main.storyboard */,
				3E4D0C7A1D95F28300A42E8F /* Assets.xcassets */,
				3E4D0C7C1D95F28300A42E8F /* LaunchScreen.storyboard */,
				3E4D0C7F1D95F28300A42E8F /* Info.plist */,
				3E4D0C6E1D95F28300A42E8F /* Supporting Files */,
				3E4D0CA11D95F4C500A42E8F /* ColorCollectionViewCell.h */,
				3E4D0CA21D95F4C500A42E8F /* ColorCollectionViewCell.m */,
				3E4D0CA31D95F4C500A42E8F /* ColorCollectionViewCell.xib */,
				3E4D0CA61D95F75000A42E8F /* BlurViewController.h */,
				3E4D0CA71D95F75000A42E8F /* BlurViewController.m */,
			);
			path = BlurTest;
			sourceTree = "<group>";
		};
		3E4D0C6E1D95F28300A42E8F /* Supporting Files */ = {
			isa = PBXGroup;
			children = (
				3E4D0C6F1D95F28300A42E8F /* main.m */,
			);
			name = "Supporting Files";
			sourceTree = "<group>";
		};
		3E4D0C871D95F28300A42E8F /* BlurTestTests */ = {
			isa = PBXGroup;
			children = (
				3E4D0C881D95F28300A42E8F /* BlurTestTests.m */,
				3E4D0C8A1D95F28300A42E8F /* Info.plist */,
			);
			path = BlurTestTests;
			sourceTree = "<group>";
		};
		3E4D0C921D95F28300A42E8F /* BlurTestUITests */ = {
			isa = PBXGroup;
			children = (
				3E4D0C931D95F28300A42E8F /* BlurTestUITests.m */,
				3E4D0C951D95F28300A42E8F /* Info.plist */,
			);
			path = BlurTestUITests;
			sourceTree = "<group>";
		};
		3E9219471D9AD9C70019F471 /* Transitions */ = {
			isa = PBXGroup;
			children = (
				3E9219481D9ADA120019F471 /* PresentationAnimator.h */,
				3E9219491D9ADA120019F471 /* PresentationAnimator.m */,
				3E92194B1D9ADA240019F471 /* DismissAnimator.h */,
				3E92194C1D9ADA240019F471 /* DismissAnimator.m */,
			);
			name = Transitions;
			sourceTree = "<group>";
		};
/* End PBXGroup section */

/* Begin PBXNativeTarget section */
		3E4D0C6A1D95F28300A42E8F /* BlurTest */ = {
			isa = PBXNativeTarget;
			buildConfigurationList = 3E4D0C981D95F28300A42E8F /* Build configuration list for PBXNativeTarget "BlurTest" */;
			buildPhases = (
				3E4D0C671D95F28300A42E8F /* Sources */,
				3E4D0C681D95F28300A42E8F /* Frameworks */,
				3E4D0C691D95F28300A42E8F /* Resources */,
			);
			buildRules = (
			);
			dependencies = (
			);
			name = BlurTest;
			productName = BlurTest;
			productReference = 3E4D0C6B1D95F28300A42E8F /* BlurTest.app */;
			productType = "com.apple.product-type.application";
		};
		3E4D0C831D95F28300A42E8F /* BlurTestTests */ = {
			isa = PBXNativeTarget;
			buildConfigurationList = 3E4D0C9B1D95F28300A42E8F /* Build configuration list for PBXNativeTarget "BlurTestTests" */;
			buildPhases = (
				3E4D0C801D95F28300A42E8F /* Sources */,
				3E4D0C811D95F28300A42E8F /* Frameworks */,
				3E4D0C821D95F28300A42E8F /* Resources */,
			);
			buildRules = (
			);
			dependencies = (
				3E4D0C861D95F28300A42E8F /* PBXTargetDependency */,
			);
			name = BlurTestTests;
			productName = BlurTestTests;
			productReference = 3E4D0C841D95F28300A42E8F /* BlurTestTests.xctest */;
			productType = "com.apple.product-type.bundle.unit-test";
		};
		3E4D0C8E1D95F28300A42E8F /* BlurTestUITests */ = {
			isa = PBXNativeTarget;
			buildConfigurationList = 3E4D0C9E1D95F28300A42E8F /* Build configuration list for PBXNativeTarget "BlurTestUITests" */;
			buildPhases = (
				3E4D0C8B1D95F28300A42E8F /* Sources */,
				3E4D0C8C1D95F28300A42E8F /* Frameworks */,
				3E4D0C8D1D95F28300A42E8F /* Resources */,
			);
			buildRules = (
			);
			dependencies = (
				3E4D0C911D95F28300A42E8F /* PBXTargetDependency */,
			);
			name = BlurTestUITests;
			productName = BlurTestUITests;
			productReference = 3E4D0C8F1D95F28300A42E8F /* BlurTestUITests.xctest */;
			productType = "com.apple.product-type.bundle.ui-testing";
		};
/* End PBXNativeTarget section */

/* Begin PBXProject section */
		3E4D0C631D95F28300A42E8F /* Project object */ = {
			isa = PBXProject;
			attributes = {
				LastUpgradeCheck = 0800;
				ORGANIZATIONNAME = "Pixzelle Studio";
				TargetAttributes = {
					3E4D0C6A1D95F28300A42E8F = {
						CreatedOnToolsVersion = 8.0;
						ProvisioningStyle = Automatic;
					};
					3E4D0C831D95F28300A42E8F = {
						CreatedOnToolsVersion = 8.0;
						DevelopmentTeam = E3B9363GPT;
						ProvisioningStyle = Automatic;
						TestTargetID = 3E4D0C6A1D95F28300A42E8F;
					};
					3E4D0C8E1D95F28300A42E8F = {
						CreatedOnToolsVersion = 8.0;
						DevelopmentTeam = E3B9363GPT;
						ProvisioningStyle = Automatic;
						TestTargetID = 3E4D0C6A1D95F28300A42E8F;
					};
				};
			};
			buildConfigurationList = 3E4D0C661D95F28300A42E8F /* Build configuration list for PBXProject "BlurTest" */;
			compatibilityVersion = "Xcode 3.2";
			developmentRegion = English;
			hasScannedForEncodings = 0;
			knownRegions = (
				en,
				Base,
			);
			mainGroup = 3E4D0C621D95F28300A42E8F;
			productRefGroup = 3E4D0C6C1D95F28300A42E8F /* Products */;
			projectDirPath = "";
			projectRoot = "";
			targets = (
				3E4D0C6A1D95F28300A42E8F /* BlurTest */,
				3E4D0C831D95F28300A42E8F /* BlurTestTests */,
				3E4D0C8E1D95F28300A42E8F /* BlurTestUITests */,
			);
		};
/* End PBXProject section */

/* Begin PBXResourcesBuildPhase section */
		3E4D0C691D95F28300A42E8F /* Resources */ = {
			isa = PBXResourcesBuildPhase;
			buildActionMask = 2147483647;
			files = (
				3E92194F1D9AE1370019F471 /* .gitignore in Resources */,
				3E4D0C7E1D95F28300A42E8F /* LaunchScreen.storyboard in Resources */,
				3E4D0C7B1D95F28300A42E8F /* Assets.xcassets in Resources */,
				3E4D0CA51D95F4C500A42E8F /* ColorCollectionViewCell.xib in Resources */,
				3E4D0C791D95F28300A42E8F /* Main.storyboard in Resources */,
			);
			runOnlyForDeploymentPostprocessing = 0;
		};
		3E4D0C821D95F28300A42E8F /* Resources */ = {
			isa = PBXResourcesBuildPhase;
			buildActionMask = 2147483647;
			files = (
			);
			runOnlyForDeploymentPostprocessing = 0;
		};
		3E4D0C8D1D95F28300A42E8F /* Resources */ = {
			isa = PBXResourcesBuildPhase;
			buildActionMask = 2147483647;
			files = (
			);
			runOnlyForDeploymentPostprocessing = 0;
		};
/* End PBXResourcesBuildPhase section */

/* Begin PBXSourcesBuildPhase section */
		3E4D0C671D95F28300A42E8F /* Sources */ = {
			isa = PBXSourcesBuildPhase;
			buildActionMask = 2147483647;
			files = (
				3E92194A1D9ADA120019F471 /* PresentationAnimator.m in Sources */,
				3E4D0C761D95F28300A42E8F /* ViewController.m in Sources */,
				3E92194D1D9ADA240019F471 /* DismissAnimator.m in Sources */,
				3E4D0C731D95F28300A42E8F /* AppDelegate.m in Sources */,
				3E4D0CA41D95F4C500A42E8F /* ColorCollectionViewCell.m in Sources */,
				3E4D0CA81D95F75000A42E8F /* BlurViewController.m in Sources */,
				3E4D0C701D95F28300A42E8F /* main.m in Sources */,
			);
			runOnlyForDeploymentPostprocessing = 0;
		};
		3E4D0C801D95F28300A42E8F /* Sources */ = {
			isa = PBXSourcesBuildPhase;
			buildActionMask = 2147483647;
			files = (
				3E4D0C891D95F28300A42E8F /* BlurTestTests.m in Sources */,
			);
			runOnlyForDeploymentPostprocessing = 0;
		};
		3E4D0C8B1D95F28300A42E8F /* Sources */ = {
			isa = PBXSourcesBuildPhase;
			buildActionMask = 2147483647;
			files = (
				3E4D0C941D95F28300A42E8F /* BlurTestUITests.m in Sources */,
			);
			runOnlyForDeploymentPostprocessing = 0;
		};
/* End PBXSourcesBuildPhase section */

/* Begin PBXTargetDependency section */
		3E4D0C861D95F28300A42E8F /* PBXTargetDependency */ = {
			isa = PBXTargetDependency;
			target = 3E4D0C6A1D95F28300A42E8F /* BlurTest */;
			targetProxy = 3E4D0C851D95F28300A42E8F /* PBXContainerItemProxy */;
		};
		3E4D0C911D95F28300A42E8F /* PBXTargetDependency */ = {
			isa = PBXTargetDependency;
			target = 3E4D0C6A1D95F28300A42E8F /* BlurTest */;
			targetProxy = 3E4D0C901D95F28300A42E8F /* PBXContainerItemProxy */;
		};
/* End PBXTargetDependency section */

/* Begin PBXVariantGroup section */
		3E4D0C771D95F28300A42E8F /* Main.storyboard */ = {
			isa = PBXVariantGroup;
			children = (
				3E4D0C781D95F28300A42E8F /* Base */,
			);
			name = Main.storyboard;
			sourceTree = "<group>";
		};
		3E4D0C7C1D95F28300A42E8F /* LaunchScreen.storyboard */ = {
			isa = PBXVariantGroup;
			children = (
				3E4D0C7D1D95F28300A42E8F /* Base */,
			);
			name = LaunchScreen.storyboard;
			sourceTree = "<group>";
		};
/* End PBXVariantGroup section */

/* Begin XCBuildConfiguration section */
		3E4D0C961D95F28300A42E8F /* Debug */ = {
			isa = XCBuildConfiguration;
			buildSettings = {
				ALWAYS_SEARCH_USER_PATHS = NO;
				CLANG_ANALYZER_NONNULL = YES;
				CLANG_CXX_LANGUAGE_STANDARD = "gnu++0x";
				CLANG_CXX_LIBRARY = "libc++";
				CLANG_ENABLE_MODULES = YES;
				CLANG_ENABLE_OBJC_ARC = YES;
				CLANG_WARN_BOOL_CONVERSION = YES;
				CLANG_WARN_CONSTANT_CONVERSION = YES;
				CLANG_WARN_DIRECT_OBJC_ISA_USAGE = YES_ERROR;
				CLANG_WARN_DOCUMENTATION_COMMENTS = YES;
				CLANG_WARN_EMPTY_BODY = YES;
				CLANG_WARN_ENUM_CONVERSION = YES;
				CLANG_WARN_INFINITE_RECURSION = YES;
				CLANG_WARN_INT_CONVERSION = YES;
				CLANG_WARN_OBJC_ROOT_CLASS = YES_ERROR;
				CLANG_WARN_SUSPICIOUS_MOVES = YES;
				CLANG_WARN_UNREACHABLE_CODE = YES;
				CLANG_WARN__DUPLICATE_METHOD_MATCH = YES;
				"CODE_SIGN_IDENTITY[sdk=iphoneos*]" = "iPhone Developer";
				COPY_PHASE_STRIP = NO;
				DEBUG_INFORMATION_FORMAT = dwarf;
				ENABLE_STRICT_OBJC_MSGSEND = YES;
				ENABLE_TESTABILITY = YES;
				GCC_C_LANGUAGE_STANDARD = gnu99;
				GCC_DYNAMIC_NO_PIC = NO;
				GCC_NO_COMMON_BLOCKS = YES;
				GCC_OPTIMIZATION_LEVEL = 0;
				GCC_PREPROCESSOR_DEFINITIONS = (
					"DEBUG=1",
					"$(inherited)",
				);
				GCC_WARN_64_TO_32_BIT_CONVERSION = YES;
				GCC_WARN_ABOUT_RETURN_TYPE = YES_ERROR;
				GCC_WARN_UNDECLARED_SELECTOR = YES;
				GCC_WARN_UNINITIALIZED_AUTOS = YES_AGGRESSIVE;
				GCC_WARN_UNUSED_FUNCTION = YES;
				GCC_WARN_UNUSED_VARIABLE = YES;
				IPHONEOS_DEPLOYMENT_TARGET = 10.0;
				MTL_ENABLE_DEBUG_INFO = YES;
				ONLY_ACTIVE_ARCH = YES;
				SDKROOT = iphoneos;
				TARGETED_DEVICE_FAMILY = "1,2";
			};
			name = Debug;
		};
		3E4D0C971D95F28300A42E8F /* Release */ = {
			isa = XCBuildConfiguration;
			buildSettings = {
				ALWAYS_SEARCH_USER_PATHS = NO;
				CLANG_ANALYZER_NONNULL = YES;
				CLANG_CXX_LANGUAGE_STANDARD = "gnu++0x";
				CLANG_CXX_LIBRARY = "libc++";
				CLANG_ENABLE_MODULES = YES;
				CLANG_ENABLE_OBJC_ARC = YES;
				CLANG_WARN_BOOL_CONVERSION = YES;
				CLANG_WARN_CONSTANT_CONVERSION = YES;
				CLANG_WARN_DIRECT_OBJC_ISA_USAGE = YES_ERROR;
				CLANG_WARN_DOCUMENTATION_COMMENTS = YES;
				CLANG_WARN_EMPTY_BODY = YES;
				CLANG_WARN_ENUM_CONVERSION = YES;
				CLANG_WARN_INFINITE_RECURSION = YES;
				CLANG_WARN_INT_CONVERSION = YES;
				CLANG_WARN_OBJC_ROOT_CLASS = YES_ERROR;
				CLANG_WARN_SUSPICIOUS_MOVES = YES;
				CLANG_WARN_UNREACHABLE_CODE = YES;
				CLANG_WARN__DUPLICATE_METHOD_MATCH = YES;
				"CODE_SIGN_IDENTITY[sdk=iphoneos*]" = "iPhone Developer";
				COPY_PHASE_STRIP = NO;
				DEBUG_INFORMATION_FORMAT = "dwarf-with-dsym";
				ENABLE_NS_ASSERTIONS = NO;
				ENABLE_STRICT_OBJC_MSGSEND = YES;
				GCC_C_LANGUAGE_STANDARD = gnu99;
				GCC_NO_COMMON_BLOCKS = YES;
				GCC_WARN_64_TO_32_BIT_CONVERSION = YES;
				GCC_WARN_ABOUT_RETURN_TYPE = YES_ERROR;
				GCC_WARN_UNDECLARED_SELECTOR = YES;
				GCC_WARN_UNINITIALIZED_AUTOS = YES_AGGRESSIVE;
				GCC_WARN_UNUSED_FUNCTION = YES;
				GCC_WARN_UNUSED_VARIABLE = YES;
				IPHONEOS_DEPLOYMENT_TARGET = 10.0;
				MTL_ENABLE_DEBUG_INFO = NO;
				SDKROOT = iphoneos;
				TARGETED_DEVICE_FAMILY = "1,2";
				VALIDATE_PRODUCT = YES;
			};
			name = Release;
		};
		3E4D0C991D95F28300A42E8F /* Debug */ = {
			isa = XCBuildConfiguration;
			buildSettings = {
				ASSETCATALOG_COMPILER_APPICON_NAME = AppIcon;
				DEVELOPMENT_TEAM = "";
				INFOPLIST_FILE = BlurTest/Info.plist;
				IPHONEOS_DEPLOYMENT_TARGET = 8.0;
				LD_RUNPATH_SEARCH_PATHS = "$(inherited) @executable_path/Frameworks";
				PRODUCT_BUNDLE_IDENTIFIER = com.test.BlurTest;
				PRODUCT_NAME = "$(TARGET_NAME)";
			};
			name = Debug;
		};
		3E4D0C9A1D95F28300A42E8F /* Release */ = {
			isa = XCBuildConfiguration;
			buildSettings = {
				ASSETCATALOG_COMPILER_APPICON_NAME = AppIcon;
				DEVELOPMENT_TEAM = "";
				INFOPLIST_FILE = BlurTest/Info.plist;
				IPHONEOS_DEPLOYMENT_TARGET = 8.0;
				LD_RUNPATH_SEARCH_PATHS = "$(inherited) @executable_path/Frameworks";
				PRODUCT_BUNDLE_IDENTIFIER = com.test.BlurTest;
				PRODUCT_NAME = "$(TARGET_NAME)";
			};
			name = Release;
		};
		3E4D0C9C1D95F28300A42E8F /* Debug */ = {
			isa = XCBuildConfiguration;
			buildSettings = {
				BUNDLE_LOADER = "$(TEST_HOST)";
				DEVELOPMENT_TEAM = E3B9363GPT;
				INFOPLIST_FILE = BlurTestTests/Info.plist;
				LD_RUNPATH_SEARCH_PATHS = "$(inherited) @executable_path/Frameworks @loader_path/Frameworks";
				PRODUCT_BUNDLE_IDENTIFIER = com.pixzelle.BlurTestTests;
				PRODUCT_NAME = "$(TARGET_NAME)";
				TEST_HOST = "$(BUILT_PRODUCTS_DIR)/BlurTest.app/BlurTest";
			};
			name = Debug;
		};
		3E4D0C9D1D95F28300A42E8F /* Release */ = {
			isa = XCBuildConfiguration;
			buildSettings = {
				BUNDLE_LOADER = "$(TEST_HOST)";
				DEVELOPMENT_TEAM = E3B9363GPT;
				INFOPLIST_FILE = BlurTestTests/Info.plist;
				LD_RUNPATH_SEARCH_PATHS = "$(inherited) @executable_path/Frameworks @loader_path/Frameworks";
				PRODUCT_BUNDLE_IDENTIFIER = com.pixzelle.BlurTestTests;
				PRODUCT_NAME = "$(TARGET_NAME)";
				TEST_HOST = "$(BUILT_PRODUCTS_DIR)/BlurTest.app/BlurTest";
			};
			name = Release;
		};
		3E4D0C9F1D95F28300A42E8F /* Debug */ = {
			isa = XCBuildConfiguration;
			buildSettings = {
				DEVELOPMENT_TEAM = E3B9363GPT;
				INFOPLIST_FILE = BlurTestUITests/Info.plist;
				LD_RUNPATH_SEARCH_PATHS = "$(inherited) @executable_path/Frameworks @loader_path/Frameworks";
				PRODUCT_BUNDLE_IDENTIFIER = com.pixzelle.BlurTestUITests;
				PRODUCT_NAME = "$(TARGET_NAME)";
				TEST_TARGET_NAME = BlurTest;
			};
			name = Debug;
		};
		3E4D0CA01D95F28300A42E8F /* Release */ = {
			isa = XCBuildConfiguration;
			buildSettings = {
				DEVELOPMENT_TEAM = E3B9363GPT;
				INFOPLIST_FILE = BlurTestUITests/Info.plist;
				LD_RUNPATH_SEARCH_PATHS = "$(inherited) @executable_path/Frameworks @loader_path/Frameworks";
				PRODUCT_BUNDLE_IDENTIFIER = com.pixzelle.BlurTestUITests;
				PRODUCT_NAME = "$(TARGET_NAME)";
				TEST_TARGET_NAME = BlurTest;
			};
			name = Release;
		};
/* End XCBuildConfiguration section */

/* Begin XCConfigurationList section */
		3E4D0C661D95F28300A42E8F /* Build configuration list for PBXProject "BlurTest" */ = {
			isa = XCConfigurationList;
			buildConfigurations = (
				3E4D0C961D95F28300A42E8F /* Debug */,
				3E4D0C971D95F28300A42E8F /* Release */,
			);
			defaultConfigurationIsVisible = 0;
			defaultConfigurationName = Release;
		};
		3E4D0C981D95F28300A42E8F /* Build configuration list for PBXNativeTarget "BlurTest" */ = {
			isa = XCConfigurationList;
			buildConfigurations = (
				3E4D0C991D95F28300A42E8F /* Debug */,
				3E4D0C9A1D95F28300A42E8F /* Release */,
			);
			defaultConfigurationIsVisible = 0;
			defaultConfigurationName = Release;
		};
		3E4D0C9B1D95F28300A42E8F /* Build configuration list for PBXNativeTarget "BlurTestTests" */ = {
			isa = XCConfigurationList;
			buildConfigurations = (
				3E4D0C9C1D95F28300A42E8F /* Debug */,
				3E4D0C9D1D95F28300A42E8F /* Release */,
			);
			defaultConfigurationIsVisible = 0;
			defaultConfigurationName = Release;
		};
		3E4D0C9E1D95F28300A42E8F /* Build configuration list for PBXNativeTarget "BlurTestUITests" */ = {
			isa = XCConfigurationList;
			buildConfigurations = (
				3E4D0C9F1D95F28300A42E8F /* Debug */,
				3E4D0CA01D95F28300A42E8F /* Release */,
			);
			defaultConfigurationIsVisible = 0;
			defaultConfigurationName = Release;
		};
/* End XCConfigurationList section */
	};
	rootObject = 3E4D0C631D95F28300A42E8F /* Project object */;
}
